schema: '2.0'
stages:
  clean:
    cmd: python3 src/clean.py
    deps:
    - path: data/raw/2015_2024_statcast.parquet
      hash: md5
      md5: a60cf40ceeb6a2dcf0d89780f295b454
      size: 631521449
    - path: params.yaml
      hash: md5
      md5: 711fab08ca61c7dd777acab7fdfa847f
      size: 472
    - path: src/clean.py
      hash: md5
      md5: 8832f39171cf74933acda9a703d02367
      size: 2977
    outs:
    - path: data/cleaned/2015_2024_statcast_clean.parquet
      hash: md5
      md5: 0ad4d150067b39f54df24c9777efdaa9
      size: 3660398
  data_split:
    cmd: python3 src/data_split.py data/cleaned/2015_2024_statcast_clean.parquet
    deps:
    - path: data/cleaned/2015_2024_statcast_clean.parquet
      hash: md5
      md5: b3c7e37748cfbee8bd14c9af26766f13
      size: 43383
    - path: src/data_split.py
      hash: md5
      md5: c48c25dbf7771b66943a8cc7649a2bb2
      size: 739
  train:
    cmd: python3 src/train.py
    deps:
    - path: data/training/2015_2024_statcast_train.parquet
      hash: md5
      md5: 6d3e40fc1cf1d4b52963553e8f0eb759
      size: 3142411
    - path: src/lstm_model.py
      hash: md5
      md5: 79b2d809b0fd619472371201e569ad21
      size: 3283
    - path: src/train.py
      hash: md5
      md5: 67f3417cfa128387cd4d95d80e011166
      size: 7604
    outs:
    - path: data/evaluate/pitcher_data.pickle
      hash: md5
      md5: 2e976a71b5d30ce68883477939ad01e3
      size: 36248160
  featurize:
    cmd: python3 src/featurize.py
    deps:
    - path: data/cleaned/2015_2024_statcast_clean.parquet
      hash: md5
      md5: e550c8ddadc993ab83646e7dfe71e282
      size: 3727969
    - path: src/featurize.py
      hash: md5
      md5: 3a7a795c5cd3c5cb99db86ae1caf33c3
      size: 4602
    outs:
    - path: data/training/2015_2024_statcast_train.parquet
      hash: md5
      md5: 6d3e40fc1cf1d4b52963553e8f0eb759
      size: 3142411
  evaluate:
    cmd: python3 src/evaluate.py data/evaluate/pitcher_data.pickle
    deps:
    - path: data/evaluate/pitcher_data.pickle
      hash: md5
      md5: 2e976a71b5d30ce68883477939ad01e3
      size: 36248160
    - path: src/evaluate.py
      hash: md5
      md5: d6ba6d41017d2c925faee07f77db0139
      size: 8038
    outs:
    - path: data/outputs/
      hash: md5
      md5: 5e410ef217f6b9fa6a30b8fad5dc05df.dir
      size: 1077188
      nfiles: 32
