schema: '2.0'
stages:
  clean:
    cmd: python3 src/clean.py
    deps:
    - path: data/raw/2015_2024_statcast.parquet
      hash: md5
      md5: a60cf40ceeb6a2dcf0d89780f295b454
      size: 631521449
    - path: params.yaml
      hash: md5
      md5: 96a47d5e49aef4ac66a5a36fe2890d6c
      size: 514
    - path: src/clean.py
      hash: md5
      md5: 3a85f84ed03acea1d9bf7254d6530d6d
      size: 2967
    outs:
    - path: data/cleaned/2015_2024_statcast_clean.parquet
      hash: md5
      md5: 4375126039badbae6b94a7ac276c5169
      size: 16605743
  data_split:
    cmd: python3 src/data_split.py data/cleaned/2015_2024_statcast_clean.parquet
    deps:
    - path: data/cleaned/2015_2024_statcast_clean.parquet
      hash: md5
      md5: b3c7e37748cfbee8bd14c9af26766f13
      size: 43383
    - path: src/data_split.py
      hash: md5
      md5: c48c25dbf7771b66943a8cc7649a2bb2
      size: 739
  train:
    cmd: python3 src/train.py
    deps:
    - path: data/training/2015_2024_statcast_train.parquet
      hash: md5
      md5: 34aaa11201d5c77dcaba40017cab8d45
      size: 13587751
    - path: src/lstm_model.py
      hash: md5
      md5: 79b2d809b0fd619472371201e569ad21
      size: 3283
    - path: src/train.py
      hash: md5
      md5: 67f3417cfa128387cd4d95d80e011166
      size: 7604
    outs:
    - path: data/evaluate/pitcher_data.pickle
      hash: md5
      md5: 5f9c6da47d9c500f46d040488ac3552d
      size: 161949100
  featurize:
    cmd: python3 src/featurize.py
    deps:
    - path: data/cleaned/2015_2024_statcast_clean.parquet
      hash: md5
      md5: 4375126039badbae6b94a7ac276c5169
      size: 16605743
    - path: src/featurize.py
      hash: md5
      md5: 715bc31e49cb4f2fdd3d587f36acbe66
      size: 5431
    outs:
    - path: data/training/2015_2024_statcast_train.parquet
      hash: md5
      md5: 34aaa11201d5c77dcaba40017cab8d45
      size: 13587751
  evaluate:
    cmd: python3 src/evaluate.py data/evaluate/pitcher_data.pickle
    deps:
    - path: data/evaluate/pitcher_data.pickle
      hash: md5
      md5: 5f9c6da47d9c500f46d040488ac3552d
      size: 161949100
    - path: src/evaluate.py
      hash: md5
      md5: ba7be0ee4aa54fa7e204f8aad7f300fc
      size: 8102
    outs:
    - path: data/outputs/
      hash: md5
      md5: c27ba318ec79a28b4ce6fba3e96d63ce.dir
      size: 4933825
      nfiles: 152
