schema: '2.0'
stages:
  clean:
    cmd: python3 src/clean.py data/raw/2015_2024_statcast.parquet
    deps:
    - path: data/raw/2015_2024_statcast.parquet
      hash: md5
      md5: a60cf40ceeb6a2dcf0d89780f295b454
      size: 631521449
    - path: params.yaml
      hash: md5
      md5: be0bbde7b8425bcda4bedc7320cf06df
      size: 216
    - path: src/clean.py
      hash: md5
      md5: 2879ea38380ea6f5e085db325b39fde0
      size: 2324
    outs:
    - path: data/cleaned/2015_2024_statcast_clean.parquet
      hash: md5
      md5: 1d021cea4d1321cbabebe3e7dce871e4
      size: 2009648
  data_split:
    cmd: python3 src/data_split.py data/cleaned/2015_2024_statcast_clean.parquet
    deps:
    - path: data/cleaned/2015_2024_statcast_clean.parquet
      hash: md5
      md5: b3c7e37748cfbee8bd14c9af26766f13
      size: 43383
    - path: src/data_split.py
      hash: md5
      md5: c48c25dbf7771b66943a8cc7649a2bb2
      size: 739
  train:
    cmd: python3 src/train.py data/training/2015_2024_statcast_train.parquet
    deps:
    - path: data/training/2015_2024_statcast_train.parquet
      hash: md5
      md5: 36b5042a3924353bc3af86d9741fae75
      size: 1544325
    - path: src/lstm_model.py
      hash: md5
      md5: 6afc60bc3c29cccf208b2c84c248d2e2
      size: 2397
    - path: src/train.py
      hash: md5
      md5: f751c7261548c5677453c92b4cfed468
      size: 6397
    outs:
    - path: data/evaluate/pitcher_data.pickle
      hash: md5
      md5: f7151b3fc8a9ced10e6aea71e3a3ba99
      size: 46544165
  featurize:
    cmd: python3 src/featurize.py
    deps:
    - path: data/cleaned/2015_2024_statcast_clean.parquet
      hash: md5
      md5: 1d021cea4d1321cbabebe3e7dce871e4
      size: 2009648
    - path: src/featurize.py
      hash: md5
      md5: d24b2d32fc43f1d5efd0a207098a2959
      size: 4416
    outs:
    - path: data/training/2015_2024_statcast_train.parquet
      hash: md5
      md5: 36b5042a3924353bc3af86d9741fae75
      size: 1544325
  evaluate:
    cmd: python3 src/evaluate.py data/evaluate/pitcher_data.pickle
    deps:
    - path: data/evaluate/pitcher_data.pickle
      hash: md5
      md5: f7151b3fc8a9ced10e6aea71e3a3ba99
      size: 46544165
    - path: src/evaluate.py
      hash: md5
      md5: 68fe94d814f5ba3594ffc84c854f66a4
      size: 5776
